
Microsoft Visual Studio Solution File, Format Version 12.00
# Visual Studio 15
VisualStudioVersion = 15.0.26430.4
MinimumVisualStudioVersion = 10.0.40219.1
Project("{9A19103F-16F7-4668-BE54-9A1E7A4F7556}") = "Stomp.Net", "Stomp.Net\Stomp.Net.csproj", "{16BB1FD2-A492-406F-A7DA-79470781A3F4}"
EndProject
Project("{2150E333-8FDC-42A3-9474-1A3956D46DE8}") = "Examples", "Examples", "{7767F6AF-0AB9-4131-BD5B-37368DAB40C3}"
EndProject
Project("{9A19103F-16F7-4668-BE54-9A1E7A4F7556}") = "Stomp.Net.Example.SendReceiveCore", "Examples\Stomp.Net.Example.SendReceiveCore\Stomp.Net.Example.SendReceiveCore.csproj", "{DA9362AA-2A1A-48C0-B969-1AABBE18AEED}"
EndProject
Project("{9A19103F-16F7-4668-BE54-9A1E7A4F7556}") = "Stomp.Net.Example.SelectorsCore", "Examples\Stomp.Net.Example.SelectorsCore\Stomp.Net.Example.SelectorsCore.csproj", "{89254E05-3BC6-4E33-BB15-4B3FE35E47CE}"
EndProject
Project("{9A19103F-16F7-4668-BE54-9A1E7A4F7556}") = "Stomp.Net.Example.SimpleEventReceive", "Examples\Stomp.Net.Example.SimpleEventReceive\Stomp.Net.Example.SimpleEventReceive.csproj", "{40546821-3104-4EDC-90F3-95AE70975AB7}"
EndProject
Global
	GlobalSection(SolutionConfigurationPlatforms) = preSolution
		Debug|Any CPU = Debug|Any CPU
		Release|Any CPU = Release|Any CPU
	EndGlobalSection
	GlobalSection(ProjectConfigurationPlatforms) = postSolution
		{16BB1FD2-A492-406F-A7DA-79470781A3F4}.Debug|Any CPU.ActiveCfg = Debug|Any CPU
		{16BB1FD2-A492-406F-A7DA-79470781A3F4}.Debug|Any CPU.Build.0 = Debug|Any CPU
		{16BB1FD2-A492-406F-A7DA-79470781A3F4}.Release|Any CPU.ActiveCfg = Release|Any CPU
		{16BB1FD2-A492-406F-A7DA-79470781A3F4}.Release|Any CPU.Build.0 = Release|Any CPU
		{DA9362AA-2A1A-48C0-B969-1AABBE18AEED}.Debug|Any CPU.ActiveCfg = Debug|Any CPU
		{DA9362AA-2A1A-48C0-B969-1AABBE18AEED}.Debug|Any CPU.Build.0 = Debug|Any CPU
		{DA9362AA-2A1A-48C0-B969-1AABBE18AEED}.Release|Any CPU.ActiveCfg = Release|Any CPU
		{DA9362AA-2A1A-48C0-B969-1AABBE18AEED}.Release|Any CPU.Build.0 = Release|Any CPU
		{89254E05-3BC6-4E33-BB15-4B3FE35E47CE}.Debug|Any CPU.ActiveCfg = Debug|Any CPU
		{89254E05-3BC6-4E33-BB15-4B3FE35E47CE}.Debug|Any CPU.Build.0 = Debug|Any CPU
		{89254E05-3BC6-4E33-BB15-4B3FE35E47CE}.Release|Any CPU.ActiveCfg = Release|Any CPU
		{89254E05-3BC6-4E33-BB15-4B3FE35E47CE}.Release|Any CPU.Build.0 = Release|Any CPU
		{40546821-3104-4EDC-90F3-95AE70975AB7}.Debug|Any CPU.ActiveCfg = Debug|Any CPU
		{40546821-3104-4EDC-90F3-95AE70975AB7}.Debug|Any CPU.Build.0 = Debug|Any CPU
		{40546821-3104-4EDC-90F3-95AE70975AB7}.Release|Any CPU.ActiveCfg = Release|Any CPU
		{40546821-3104-4EDC-90F3-95AE70975AB7}.Release|Any CPU.Build.0 = Release|Any CPU
	EndGlobalSection
	GlobalSection(SolutionProperties) = preSolution
		HideSolutionNode = FALSE
	EndGlobalSection
	GlobalSection(NestedProjects) = preSolution
		{DA9362AA-2A1A-48C0-B969-1AABBE18AEED} = {7767F6AF-0AB9-4131-BD5B-37368DAB40C3}
		{89254E05-3BC6-4E33-BB15-4B3FE35E47CE} = {7767F6AF-0AB9-4131-BD5B-37368DAB40C3}
		{40546821-3104-4EDC-90F3-95AE70975AB7} = {7767F6AF-0AB9-4131-BD5B-37368DAB40C3}
	EndGlobalSection
	GlobalSection(ExtensibilityGlobals) = postSolution
		SolutionGuid = {461AC20D-B4A7-45CA-91E6-49BD89C159C8}
	EndGlobalSection
EndGlobal
